
Microsoft Visual Studio Solution File, Format Version 12.00
# Visual Studio 15
VisualStudioVersion = 15.0.28010.2050
MinimumVisualStudioVersion = 10.0.40219.1
Project("{FAE04EC0-301F-11D3-BF4B-00C04F79EFBC}") = "FangDaoLianDemo", "FangDaoLianDemo\FangDaoLianDemo.csproj", "{39AC172B-B712-4C4B-9BF7-6CC752B93EFC}"
EndProject
Global
	GlobalSection(SolutionConfigurationPlatforms) = preSolution
		Debug|Any CPU = Debug|Any CPU
		Release|Any CPU = Release|Any CPU
	EndGlobalSection
	GlobalSection(ProjectConfigurationPlatforms) = postSolution
		{39AC172B-B712-4C4B-9BF7-6CC752B93EFC}.Debug|Any CPU.ActiveCfg = Debug|Any CPU
		{39AC172B-B712-4C4B-9BF7-6CC752B93EFC}.Debug|Any CPU.Build.0 = Debug|Any CPU
		{39AC172B-B712-4C4B-9BF7-6CC752B93EFC}.Release|Any CPU.ActiveCfg = Release|Any CPU
		{39AC172B-B712-4C4B-9BF7-6CC752B93EFC}.Release|Any CPU.Build.0 = Release|Any CPU
	EndGlobalSection
	GlobalSection(SolutionProperties) = preSolution
		HideSolutionNode = FALSE
	EndGlobalSection
	GlobalSection(ExtensibilityGlobals) = postSolution
		SolutionGuid = {1D4E1125-435B-42FE-A704-53F6CE5ECB3B}
	EndGlobalSection
EndGlobal
